
Microsoft Visual Studio Solution File, Format Version 12.00
# Visual Studio Version 17
VisualStudioVersion = 17.1.31911.260
MinimumVisualStudioVersion = 10.0.40219.1
Project("{9A19103F-16F7-4668-BE54-9A1E7A4F7556}") = "Moneybox.App", "src\Moneybox.App\Moneybox.App.csproj", "{C1E5082E-45D6-469C-BD08-B87348851443}"
EndProject
Project("{2150E333-8FDC-42A3-9474-1A3956D46DE8}") = "src", "src", "{7711801E-C439-4871-A931-30EF66143139}"
EndProject
Project("{2150E333-8FDC-42A3-9474-1A3956D46DE8}") = "tests", "tests", "{BCA2FC9D-4F6F-4CD3-8AB3-507D667E12E5}"
EndProject
Project("{FAE04EC0-301F-11D3-BF4B-00C04F79EFBC}") = "Moneybox.Tests.Unit", "tests\Moneybox.Tests.Unit\Moneybox.Tests.Unit.csproj", "{94BFEB30-41B8-4242-B4B1-33617AE1A80D}"
EndProject
Global
	GlobalSection(SolutionConfigurationPlatforms) = preSolution
		Debug|Any CPU = Debug|Any CPU
		Release|Any CPU = Release|Any CPU
	EndGlobalSection
	GlobalSection(ProjectConfigurationPlatforms) = postSolution
		{C1E5082E-45D6-469C-BD08-B87348851443}.Debug|Any CPU.ActiveCfg = Debug|Any CPU
		{C1E5082E-45D6-469C-BD08-B87348851443}.Debug|Any CPU.Build.0 = Debug|Any CPU
		{C1E5082E-45D6-469C-BD08-B87348851443}.Release|Any CPU.ActiveCfg = Release|Any CPU
		{C1E5082E-45D6-469C-BD08-B87348851443}.Release|Any CPU.Build.0 = Release|Any CPU
		{94BFEB30-41B8-4242-B4B1-33617AE1A80D}.Debug|Any CPU.ActiveCfg = Debug|Any CPU
		{94BFEB30-41B8-4242-B4B1-33617AE1A80D}.Debug|Any CPU.Build.0 = Debug|Any CPU
		{94BFEB30-41B8-4242-B4B1-33617AE1A80D}.Release|Any CPU.ActiveCfg = Release|Any CPU
		{94BFEB30-41B8-4242-B4B1-33617AE1A80D}.Release|Any CPU.Build.0 = Release|Any CPU
	EndGlobalSection
	GlobalSection(SolutionProperties) = preSolution
		HideSolutionNode = FALSE
	EndGlobalSection
	GlobalSection(NestedProjects) = preSolution
		{C1E5082E-45D6-469C-BD08-B87348851443} = {7711801E-C439-4871-A931-30EF66143139}
		{94BFEB30-41B8-4242-B4B1-33617AE1A80D} = {BCA2FC9D-4F6F-4CD3-8AB3-507D667E12E5}
	EndGlobalSection
	GlobalSection(ExtensibilityGlobals) = postSolution
		SolutionGuid = {4BBC44E4-088E-4757-B143-20E33390DC00}
	EndGlobalSection
EndGlobal
